
Microsoft Visual Studio Solution File, Format Version 12.00
# Visual Studio Version 16
VisualStudioVersion = 16.0.30509.190
MinimumVisualStudioVersion = 10.0.40219.1
Project("{FAE04EC0-301F-11D3-BF4B-00C04F79EFBC}") = "Solid_SingleResponsibilityPrinciple", "Solid_SingleResponsibilityPrinciple\Solid_SingleResponsibilityPrinciple.csproj", "{3F59C442-2FCE-4433-9729-490FA48F086F}"
EndProject
Global
	GlobalSection(SolutionConfigurationPlatforms) = preSolution
		Debug|Any CPU = Debug|Any CPU
		Release|Any CPU = Release|Any CPU
	EndGlobalSection
	GlobalSection(ProjectConfigurationPlatforms) = postSolution
		{3F59C442-2FCE-4433-9729-490FA48F086F}.Debug|Any CPU.ActiveCfg = Debug|Any CPU
		{3F59C442-2FCE-4433-9729-490FA48F086F}.Debug|Any CPU.Build.0 = Debug|Any CPU
		{3F59C442-2FCE-4433-9729-490FA48F086F}.Release|Any CPU.ActiveCfg = Release|Any CPU
		{3F59C442-2FCE-4433-9729-490FA48F086F}.Release|Any CPU.Build.0 = Release|Any CPU
	EndGlobalSection
	GlobalSection(SolutionProperties) = preSolution
		HideSolutionNode = FALSE
	EndGlobalSection
	GlobalSection(ExtensibilityGlobals) = postSolution
		SolutionGuid = {996D73AB-5A68-4B6D-B6DE-B6E3BE91E11E}
	EndGlobalSection
EndGlobal
